
Microsoft Visual Studio Solution File, Format Version 11.00
# Visual Studio 2010
Project("{8BC9CEB8-8B4A-11D0-8D11-00A0C91BC942}") = "test003", "test003\test003.vcxproj", "{D4963BD7-1ABC-4CB7-904A-D087E66416C8}"
EndProject
Global
	GlobalSection(SolutionConfigurationPlatforms) = preSolution
		Debug|Win32 = Debug|Win32
		Release|Win32 = Release|Win32
	EndGlobalSection
	GlobalSection(ProjectConfigurationPlatforms) = postSolution
		{D4963BD7-1ABC-4CB7-904A-D087E66416C8}.Debug|Win32.ActiveCfg = Release|Win32
		{D4963BD7-1ABC-4CB7-904A-D087E66416C8}.Debug|Win32.Build.0 = Release|Win32
		{D4963BD7-1ABC-4CB7-904A-D087E66416C8}.Release|Win32.ActiveCfg = Release|Win32
		{D4963BD7-1ABC-4CB7-904A-D087E66416C8}.Release|Win32.Build.0 = Release|Win32
	EndGlobalSection
	GlobalSection(SolutionProperties) = preSolution
		HideSolutionNode = FALSE
	EndGlobalSection
EndGlobal
